
Microsoft Visual Studio Solution File, Format Version 12.00
# Visual Studio Version 17
VisualStudioVersion = 17.5.33424.131
MinimumVisualStudioVersion = 10.0.40219.1
Project("{FAE04EC0-301F-11D3-BF4B-00C04F79EFBC}") = "u22749472_HW02", "u22749472_HW02\u22749472_HW02.csproj", "{76FC7401-8033-481D-A4B5-5E05125818D2}"
EndProject
Global
	GlobalSection(SolutionConfigurationPlatforms) = preSolution
		Debug|Any CPU = Debug|Any CPU
		Release|Any CPU = Release|Any CPU
	EndGlobalSection
	GlobalSection(ProjectConfigurationPlatforms) = postSolution
		{76FC7401-8033-481D-A4B5-5E05125818D2}.Debug|Any CPU.ActiveCfg = Debug|Any CPU
		{76FC7401-8033-481D-A4B5-5E05125818D2}.Debug|Any CPU.Build.0 = Debug|Any CPU
		{76FC7401-8033-481D-A4B5-5E05125818D2}.Release|Any CPU.ActiveCfg = Release|Any CPU
		{76FC7401-8033-481D-A4B5-5E05125818D2}.Release|Any CPU.Build.0 = Release|Any CPU
	EndGlobalSection
	GlobalSection(SolutionProperties) = preSolution
		HideSolutionNode = FALSE
	EndGlobalSection
	GlobalSection(ExtensibilityGlobals) = postSolution
		SolutionGuid = {25D68B53-ED5B-49D1-A08E-4EBF02689696}
	EndGlobalSection
EndGlobal
